
Microsoft Visual Studio Solution File, Format Version 12.00
# Visual Studio Version 16
VisualStudioVersion = 16.0.30709.64
MinimumVisualStudioVersion = 10.0.40219.1
Project("{FAE04EC0-301F-11D3-BF4B-00C04F79EFBC}") = "CloudApiWebDemo", "CloudApiWebDemo\CloudApiWebDemo.csproj", "{93D1D932-7FD7-4D47-9483-B5D6D5D8C7E4}"
EndProject
Global
	GlobalSection(SolutionConfigurationPlatforms) = preSolution
		Debug|Any CPU = Debug|Any CPU
		Release|Any CPU = Release|Any CPU
	EndGlobalSection
	GlobalSection(ProjectConfigurationPlatforms) = postSolution
		{93D1D932-7FD7-4D47-9483-B5D6D5D8C7E4}.Debug|Any CPU.ActiveCfg = Debug|Any CPU
		{93D1D932-7FD7-4D47-9483-B5D6D5D8C7E4}.Debug|Any CPU.Build.0 = Debug|Any CPU
		{93D1D932-7FD7-4D47-9483-B5D6D5D8C7E4}.Release|Any CPU.ActiveCfg = Release|Any CPU
		{93D1D932-7FD7-4D47-9483-B5D6D5D8C7E4}.Release|Any CPU.Build.0 = Release|Any CPU
	EndGlobalSection
	GlobalSection(SolutionProperties) = preSolution
		HideSolutionNode = FALSE
	EndGlobalSection
	GlobalSection(ExtensibilityGlobals) = postSolution
		SolutionGuid = {F93144EB-949D-402C-A8BD-CED29C41638B}
	EndGlobalSection
EndGlobal
