
Microsoft Visual Studio Solution File, Format Version 12.00
# Visual Studio Version 16
VisualStudioVersion = 16.0.30711.63
MinimumVisualStudioVersion = 10.0.40219.1
Project("{FAE04EC0-301F-11D3-BF4B-00C04F79EFBC}") = "CSharpSDKDemo", "CSharpSDKDemo.csproj", "{98EA5F16-483F-4E8F-8D63-B64388A587FD}"
EndProject
Global
	GlobalSection(SolutionConfigurationPlatforms) = preSolution
		Debug|Any CPU = Debug|Any CPU
		Release|Any CPU = Release|Any CPU
	EndGlobalSection
	GlobalSection(ProjectConfigurationPlatforms) = postSolution
		{98EA5F16-483F-4E8F-8D63-B64388A587FD}.Debug|Any CPU.ActiveCfg = Debug|Any CPU
		{98EA5F16-483F-4E8F-8D63-B64388A587FD}.Debug|Any CPU.Build.0 = Debug|Any CPU
		{98EA5F16-483F-4E8F-8D63-B64388A587FD}.Release|Any CPU.ActiveCfg = Release|Any CPU
		{98EA5F16-483F-4E8F-8D63-B64388A587FD}.Release|Any CPU.Build.0 = Release|Any CPU
	EndGlobalSection
	GlobalSection(SolutionProperties) = preSolution
		HideSolutionNode = FALSE
	EndGlobalSection
	GlobalSection(ExtensibilityGlobals) = postSolution
		SolutionGuid = {9A316239-53C4-4596-AC10-CE036794FDC6}
	EndGlobalSection
EndGlobal
